
Microsoft Visual Studio Solution File, Format Version 12.00
Project("{FAE04EC0-301F-11D3-BF4B-00C04F79EFBC}") = "Maximum", "Maximum\Maximum.csproj", "{EE88B808-CDE7-4B20-BE4B-D986E25C4D21}"
EndProject
Project("{FAE04EC0-301F-11D3-BF4B-00C04F79EFBC}") = "TestMaximum", "TestMaximum\TestMaximum.csproj", "{1AFE2385-C2E8-45D4-9C21-F39390FD28F2}"
EndProject
Global
	GlobalSection(SolutionConfigurationPlatforms) = preSolution
		Debug|Any CPU = Debug|Any CPU
		Release|Any CPU = Release|Any CPU
	EndGlobalSection
	GlobalSection(ProjectConfigurationPlatforms) = postSolution
		{EE88B808-CDE7-4B20-BE4B-D986E25C4D21}.Debug|Any CPU.ActiveCfg = Debug|Any CPU
		{EE88B808-CDE7-4B20-BE4B-D986E25C4D21}.Debug|Any CPU.Build.0 = Debug|Any CPU
		{EE88B808-CDE7-4B20-BE4B-D986E25C4D21}.Release|Any CPU.ActiveCfg = Release|Any CPU
		{EE88B808-CDE7-4B20-BE4B-D986E25C4D21}.Release|Any CPU.Build.0 = Release|Any CPU
		{1AFE2385-C2E8-45D4-9C21-F39390FD28F2}.Debug|Any CPU.ActiveCfg = Debug|Any CPU
		{1AFE2385-C2E8-45D4-9C21-F39390FD28F2}.Debug|Any CPU.Build.0 = Debug|Any CPU
		{1AFE2385-C2E8-45D4-9C21-F39390FD28F2}.Release|Any CPU.ActiveCfg = Release|Any CPU
		{1AFE2385-C2E8-45D4-9C21-F39390FD28F2}.Release|Any CPU.Build.0 = Release|Any CPU
	EndGlobalSection
EndGlobal
